// !$*UTF8*$!
{
	archiveVersion = 1;
	classes = {
	};
	objectVersion = 50;
	objects = {

/* Begin PBXBuildFile section */
		34DD7DD9229C2583007311FE /* AppDelegate.swift in Sources */ = {isa = PBXBuildFile; fileRef = 34DD7DD8229C2583007311FE /* AppDelegate.swift */; };
		34DD7DDB229C2583007311FE /* ViewController.swift in Sources */ = {isa = PBXBuildFile; fileRef = 34DD7DDA229C2583007311FE /* ViewController.swift */; };
		34DD7DDE229C2583007311FE /* Main.storyboard in Resources */ = {isa = PBXBuildFile; fileRef = 34DD7DDC229C2583007311FE /* Main.storyboard */; };
		34DD7DE0229C2584007311FE /* Assets.xcassets in Resources */ = {isa = PBXBuildFile; fileRef = 34DD7DDF229C2584007311FE /* Assets.xcassets */; };
		34DD7DE3229C2584007311FE /* LaunchScreen.storyboard in Resources */ = {isa = PBXBuildFile; fileRef = 34DD7DE1229C2584007311FE /* LaunchScreen.storyboard */; };
		7BA39DFF4F0022EA4EB76E37 /* Pods_IdentitySdkDemo.framework in Frameworks */ = {isa = PBXBuildFile; fileRef = 6FAEF6E0B4F42BCB9BA8732C /* Pods_IdentitySdkDemo.framework */; };
/* End PBXBuildFile section */

/* Begin PBXFileReference section */
		34DD7DD5229C2583007311FE /* IdentitySdkDemo.app */ = {isa = PBXFileReference; explicitFileType = wrapper.application; includeInIndex = 0; path = IdentitySdkDemo.app; sourceTree = BUILT_PRODUCTS_DIR; };
		34DD7DD8229C2583007311FE /* AppDelegate.swift */ = {isa = PBXFileReference; lastKnownFileType = sourcecode.swift; path = AppDelegate.swift; sourceTree = "<group>"; };
		34DD7DDA229C2583007311FE /* ViewController.swift */ = {isa = PBXFileReference; lastKnownFileType = sourcecode.swift; path = ViewController.swift; sourceTree = "<group>"; };
		34DD7DDD229C2583007311FE /* Base */ = {isa = PBXFileReference; lastKnownFileType = file.storyboard; name = Base; path = Base.lproj/Main.storyboard; sourceTree = "<group>"; };
		34DD7DDF229C2584007311FE /* Assets.xcassets */ = {isa = PBXFileReference; lastKnownFileType = folder.assetcatalog; path = Assets.xcassets; sourceTree = "<group>"; };
		34DD7DE2229C2584007311FE /* Base */ = {isa = PBXFileReference; lastKnownFileType = file.storyboard; name = Base; path = Base.lproj/LaunchScreen.storyboard; sourceTree = "<group>"; };
		34DD7DE4229C2584007311FE /* Info.plist */ = {isa = PBXFileReference; lastKnownFileType = text.plist.xml; path = Info.plist; sourceTree = "<group>"; };
		6FAEF6E0B4F42BCB9BA8732C /* Pods_IdentitySdkDemo.framework */ = {isa = PBXFileReference; explicitFileType = wrapper.framework; includeInIndex = 0; path = Pods_IdentitySdkDemo.framework; sourceTree = BUILT_PRODUCTS_DIR; };
		C0BA8FABE4FE10EEA214C042 /* Pods-IdentitySdkDemo.debug.xcconfig */ = {isa = PBXFileReference; includeInIndex = 1; lastKnownFileType = text.xcconfig; name = "Pods-IdentitySdkDemo.debug.xcconfig"; path = "Target Support Files/Pods-IdentitySdkDemo/Pods-IdentitySdkDemo.debug.xcconfig"; sourceTree = "<group>"; };
		C0F85AC9B667759BB2301E2F /* Pods-IdentitySdkDemo.release.xcconfig */ = {isa = PBXFileReference; includeInIndex = 1; lastKnownFileType = text.xcconfig; name = "Pods-IdentitySdkDemo.release.xcconfig"; path = "Target Support Files/Pods-IdentitySdkDemo/Pods-IdentitySdkDemo.release.xcconfig"; sourceTree = "<group>"; };
/* End PBXFileReference section */

/* Begin PBXFrameworksBuildPhase section */
		34DD7DD2229C2583007311FE /* Frameworks */ = {
			isa = PBXFrameworksBuildPhase;
			buildActionMask = 2147483647;
			files = (
				7BA39DFF4F0022EA4EB76E37 /* Pods_IdentitySdkDemo.framework in Frameworks */,
			);
			runOnlyForDeploymentPostprocessing = 0;
		};
/* End PBXFrameworksBuildPhase section */

/* Begin PBXGroup section */
		34DD7DCC229C2583007311FE = {
			isa = PBXGroup;
			children = (
				34DD7DD7229C2583007311FE /* IdentitySdkDemo */,
				34DD7DD6229C2583007311FE /* Products */,
				BB12EA35AE679B1BBDA149DE /* Pods */,
				8CCEED5B7893012A61B213BF /* Frameworks */,
			);
			sourceTree = "<group>";
		};
		34DD7DD6229C2583007311FE /* Products */ = {
			isa = PBXGroup;
			children = (
				34DD7DD5229C2583007311FE /* IdentitySdkDemo.app */,
			);
			name = Products;
			sourceTree = "<group>";
		};
		34DD7DD7229C2583007311FE /* IdentitySdkDemo */ = {
			isa = PBXGroup;
			children = (
				34DD7DD8229C2583007311FE /* AppDelegate.swift */,
				34DD7DDA229C2583007311FE /* ViewController.swift */,
				34DD7DDC229C2583007311FE /* Main.storyboard */,
				34DD7DDF229C2584007311FE /* Assets.xcassets */,
				34DD7DE1229C2584007311FE /* LaunchScreen.storyboard */,
				34DD7DE4229C2584007311FE /* Info.plist */,
			);
			path = IdentitySdkDemo;
			sourceTree = "<group>";
		};
		8CCEED5B7893012A61B213BF /* Frameworks */ = {
			isa = PBXGroup;
			children = (
				6FAEF6E0B4F42BCB9BA8732C /* Pods_IdentitySdkDemo.framework */,
			);
			name = Frameworks;
			sourceTree = "<group>";
		};
		BB12EA35AE679B1BBDA149DE /* Pods */ = {
			isa = PBXGroup;
			children = (
				C0BA8FABE4FE10EEA214C042 /* Pods-IdentitySdkDemo.debug.xcconfig */,
				C0F85AC9B667759BB2301E2F /* Pods-IdentitySdkDemo.release.xcconfig */,
			);
			path = Pods;
			sourceTree = "<group>";
		};
/* End PBXGroup section */

/* Begin PBXNativeTarget section */
		34DD7DD4229C2583007311FE /* IdentitySdkDemo */ = {
			isa = PBXNativeTarget;
			buildConfigurationList = 34DD7DE7229C2584007311FE /* Build configuration list for PBXNativeTarget "IdentitySdkDemo" */;
			buildPhases = (
				1C9A8C14AF8FB47C7C0E9925 /* [CP] Check Pods Manifest.lock */,
				34DD7DD1229C2583007311FE /* Sources */,
				34DD7DD2229C2583007311FE /* Frameworks */,
				34DD7DD3229C2583007311FE /* Resources */,
			);
			buildRules = (
			);
			dependencies = (
			);
			name = IdentitySdkDemo;
			productName = IdentitySdkDemo;
			productReference = 34DD7DD5229C2583007311FE /* IdentitySdkDemo.app */;
			productType = "com.apple.product-type.application";
		};
/* End PBXNativeTarget section */

/* Begin PBXProject section */
		34DD7DCD229C2583007311FE /* Project object */ = {
			isa = PBXProject;
			attributes = {
				LastSwiftUpdateCheck = 1020;
				LastUpgradeCheck = 1020;
				ORGANIZATIONNAME = Reachfive;
				TargetAttributes = {
					34DD7DD4229C2583007311FE = {
						CreatedOnToolsVersion = 10.2.1;
					};
				};
			};
			buildConfigurationList = 34DD7DD0229C2583007311FE /* Build configuration list for PBXProject "IdentitySdkDemo" */;
			compatibilityVersion = "Xcode 9.3";
			developmentRegion = en;
			hasScannedForEncodings = 0;
			knownRegions = (
				en,
				Base,
			);
			mainGroup = 34DD7DCC229C2583007311FE;
			productRefGroup = 34DD7DD6229C2583007311FE /* Products */;
			projectDirPath = "";
			projectRoot = "";
			targets = (
				34DD7DD4229C2583007311FE /* IdentitySdkDemo */,
			);
		};
/* End PBXProject section */

/* Begin PBXResourcesBuildPhase section */
		34DD7DD3229C2583007311FE /* Resources */ = {
			isa = PBXResourcesBuildPhase;
			buildActionMask = 2147483647;
			files = (
				34DD7DE3229C2584007311FE /* LaunchScreen.storyboard in Resources */,
				34DD7DE0229C2584007311FE /* Assets.xcassets in Resources */,
				34DD7DDE229C2583007311FE /* Main.storyboard in Resources */,
			);
			runOnlyForDeploymentPostprocessing = 0;
		};
/* End PBXResourcesBuildPhase section */

/* Begin PBXShellScriptBuildPhase section */
		1C9A8C14AF8FB47C7C0E9925 /* [CP] Check Pods Manifest.lock */ = {
			isa = PBXShellScriptBuildPhase;
			buildActionMask = 2147483647;
			files = (
			);
			inputFileListPaths = (
			);
			inputPaths = (
				"${PODS_PODFILE_DIR_PATH}/Podfile.lock",
				"${PODS_ROOT}/Manifest.lock",
			);
			name = "[CP] Check Pods Manifest.lock";
			outputFileListPaths = (
			);
			outputPaths = (
				"$(DERIVED_FILE_DIR)/Pods-IdentitySdkDemo-checkManifestLockResult.txt",
			);
			runOnlyForDeploymentPostprocessing = 0;
			shellPath = /bin/sh;
			shellScript = "diff \"${PODS_PODFILE_DIR_PATH}/Podfile.lock\" \"${PODS_ROOT}/Manifest.lock\" > /dev/null\nif [ $? != 0 ] ; then\n    # print error to STDERR\n    echo \"error: The sandbox is not in sync with the Podfile.lock. Run 'pod install' or update your CocoaPods installation.\" >&2\n    exit 1\nfi\n# This output is used by Xcode 'outputs' to avoid re-running this script phase.\necho \"SUCCESS\" > \"${SCRIPT_OUTPUT_FILE_0}\"\n";
			showEnvVarsInLog = 0;
		};
/* End PBXShellScriptBuildPhase section */

/* Begin PBXSourcesBuildPhase section */
		34DD7DD1229C2583007311FE /* Sources */ = {
			isa = PBXSourcesBuildPhase;
			buildActionMask = 2147483647;
			files = (
				34DD7DDB229C2583007311FE /* ViewController.swift in Sources */,
				34DD7DD9229C2583007311FE /* AppDelegate.swift in Sources */,
			);
			runOnlyForDeploymentPostprocessing = 0;
		};
/* End PBXSourcesBuildPhase section */

/* Begin PBXVariantGroup section */
		34DD7DDC229C2583007311FE /* Main.storyboard */ = {
			isa = PBXVariantGroup;
			children = (
				34DD7DDD229C2583007311FE /* Base */,
			);
			name = Main.storyboard;
			sourceTree = "<group>";
		};
		34DD7DE1229C2584007311FE /* LaunchScreen.storyboard */ = {
			isa = PBXVariantGroup;
			children = (
				34DD7DE2229C2584007311FE /* Base */,
			);
			name = LaunchScreen.storyboard;
			sourceTree = "<group>";
		};
/* End PBXVariantGroup section */

/* Begin XCBuildConfiguration section */
		34DD7DE5229C2584007311FE /* Debug */ = {
			isa = XCBuildConfiguration;
			buildSettings = {
				ALWAYS_SEARCH_USER_PATHS = NO;
				CLANG_ANALYZER_NONNULL = YES;
				CLANG_ANALYZER_NUMBER_OBJECT_CONVERSION = YES_AGGRESSIVE;
				CLANG_CXX_LANGUAGE_STANDARD = "gnu++14";
				CLANG_CXX_LIBRARY = "libc++";
				CLANG_ENABLE_MODULES = YES;
				CLANG_ENABLE_OBJC_ARC = YES;
				CLANG_ENABLE_OBJC_WEAK = YES;
				CLANG_WARN_BLOCK_CAPTURE_AUTORELEASING = YES;
				CLANG_WARN_BOOL_CONVERSION = YES;
				CLANG_WARN_COMMA = YES;
				CLANG_WARN_CONSTANT_CONVERSION = YES;
				CLANG_WARN_DEPRECATED_OBJC_IMPLEMENTATIONS = YES;
				CLANG_WARN_DIRECT_OBJC_ISA_USAGE = YES_ERROR;
				CLANG_WARN_DOCUMENTATION_COMMENTS = YES;
				CLANG_WARN_EMPTY_BODY = YES;
				CLANG_WARN_ENUM_CONVERSION = YES;
				CLANG_WARN_INFINITE_RECURSION = YES;
				CLANG_WARN_INT_CONVERSION = YES;
				CLANG_WARN_NON_LITERAL_NULL_CONVERSION = YES;
				CLANG_WARN_OBJC_IMPLICIT_RETAIN_SELF = YES;
				CLANG_WARN_OBJC_LITERAL_CONVERSION = YES;
				CLANG_WARN_OBJC_ROOT_CLASS = YES_ERROR;
				CLANG_WARN_RANGE_LOOP_ANALYSIS = YES;
				CLANG_WARN_STRICT_PROTOTYPES = YES;
				CLANG_WARN_SUSPICIOUS_MOVE = YES;
				CLANG_WARN_UNGUARDED_AVAILABILITY = YES_AGGRESSIVE;
				CLANG_WARN_UNREACHABLE_CODE = YES;
				CLANG_WARN__DUPLICATE_METHOD_MATCH = YES;
				CODE_SIGN_IDENTITY = "iPhone Developer";
				COPY_PHASE_STRIP = NO;
				DEBUG_INFORMATION_FORMAT = dwarf;
				ENABLE_STRICT_OBJC_MSGSEND = YES;
				ENABLE_TESTABILITY = YES;
				GCC_C_LANGUAGE_STANDARD = gnu11;
				GCC_DYNAMIC_NO_PIC = NO;
				GCC_NO_COMMON_BLOCKS = YES;
				GCC_OPTIMIZATION_LEVEL = 0;
				GCC_PREPROCESSOR_DEFINITIONS = (
					"DEBUG=1",
					"$(inherited)",
				);
				GCC_WARN_64_TO_32_BIT_CONVERSION = YES;
				GCC_WARN_ABOUT_RETURN_TYPE = YES_ERROR;
				GCC_WARN_UNDECLARED_SELECTOR = YES;
				GCC_WARN_UNINITIALIZED_AUTOS = YES_AGGRESSIVE;
				GCC_WARN_UNUSED_FUNCTION = YES;
				GCC_WARN_UNUSED_VARIABLE = YES;
				IPHONEOS_DEPLOYMENT_TARGET = 12.2;
				MTL_ENABLE_DEBUG_INFO = INCLUDE_SOURCE;
				MTL_FAST_MATH = YES;
				ONLY_ACTIVE_ARCH = YES;
				SDKROOT = iphoneos;
				SWIFT_ACTIVE_COMPILATION_CONDITIONS = DEBUG;
				SWIFT_OPTIMIZATION_LEVEL = "-Onone";
			};
			name = Debug;
		};
		34DD7DE6229C2584007311FE /* Release */ = {
			isa = XCBuildConfiguration;
			buildSettings = {
				ALWAYS_SEARCH_USER_PATHS = NO;
				CLANG_ANALYZER_NONNULL = YES;
				CLANG_ANALYZER_NUMBER_OBJECT_CONVERSION = YES_AGGRESSIVE;
				CLANG_CXX_LANGUAGE_STANDARD = "gnu++14";
				CLANG_CXX_LIBRARY = "libc++";
				CLANG_ENABLE_MODULES = YES;
				CLANG_ENABLE_OBJC_ARC = YES;
				CLANG_ENABLE_OBJC_WEAK = YES;
				CLANG_WARN_BLOCK_CAPTURE_AUTORELEASING = YES;
				CLANG_WARN_BOOL_CONVERSION = YES;
				CLANG_WARN_COMMA = YES;
				CLANG_WARN_CONSTANT_CONVERSION = YES;
				CLANG_WARN_DEPRECATED_OBJC_IMPLEMENTATIONS = YES;
				CLANG_WARN_DIRECT_OBJC_ISA_USAGE = YES_ERROR;
				CLANG_WARN_DOCUMENTATION_COMMENTS = YES;
				CLANG_WARN_EMPTY_BODY = YES;
				CLANG_WARN_ENUM_CONVERSION = YES;
				CLANG_WARN_INFINITE_RECURSION = YES;
				CLANG_WARN_INT_CONVERSION = YES;
				CLANG_WARN_NON_LITERAL_NULL_CONVERSION = YES;
				CLANG_WARN_OBJC_IMPLICIT_RETAIN_SELF = YES;
				CLANG_WARN_OBJC_LITERAL_CONVERSION = YES;
				CLANG_WARN_OBJC_ROOT_CLASS = YES_ERROR;
				CLANG_WARN_RANGE_LOOP_ANALYSIS = YES;
				CLANG_WARN_STRICT_PROTOTYPES = YES;
				CLANG_WARN_SUSPICIOUS_MOVE = YES;
				CLANG_WARN_UNGUARDED_AVAILABILITY = YES_AGGRESSIVE;
				CLANG_WARN_UNREACHABLE_CODE = YES;
				CLANG_WARN__DUPLICATE_METHOD_MATCH = YES;
				CODE_SIGN_IDENTITY = "iPhone Developer";
				COPY_PHASE_STRIP = NO;
				DEBUG_INFORMATION_FORMAT = "dwarf-with-dsym";
				ENABLE_NS_ASSERTIONS = NO;
				ENABLE_STRICT_OBJC_MSGSEND = YES;
				GCC_C_LANGUAGE_STANDARD = gnu11;
				GCC_NO_COMMON_BLOCKS = YES;
				GCC_WARN_64_TO_32_BIT_CONVERSION = YES;
				GCC_WARN_ABOUT_RETURN_TYPE = YES_ERROR;
				GCC_WARN_UNDECLARED_SELECTOR = YES;
				GCC_WARN_UNINITIALIZED_AUTOS = YES_AGGRESSIVE;
				GCC_WARN_UNUSED_FUNCTION = YES;
				GCC_WARN_UNUSED_VARIABLE = YES;
				IPHONEOS_DEPLOYMENT_TARGET = 12.2;
				MTL_ENABLE_DEBUG_INFO = NO;
				MTL_FAST_MATH = YES;
				SDKROOT = iphoneos;
				SWIFT_COMPILATION_MODE = wholemodule;
				SWIFT_OPTIMIZATION_LEVEL = "-O";
				VALIDATE_PRODUCT = YES;
			};
			name = Release;
		};
		34DD7DE8229C2584007311FE /* Debug */ = {
			isa = XCBuildConfiguration;
			baseConfigurationReference = C0BA8FABE4FE10EEA214C042 /* Pods-IdentitySdkDemo.debug.xcconfig */;
			buildSettings = {
				ASSETCATALOG_COMPILER_APPICON_NAME = AppIcon;
				CODE_SIGN_STYLE = Automatic;
				DEVELOPMENT_TEAM = 6X8RPJDRWS;
				INFOPLIST_FILE = IdentitySdkDemo/Info.plist;
				IPHONEOS_DEPLOYMENT_TARGET = 12.2;
				LD_RUNPATH_SEARCH_PATHS = (
					"$(inherited)",
					"@executable_path/Frameworks",
				);
				PRODUCT_BUNDLE_IDENTIFIER = com.reach5.IdentitySdkDemo;
				PRODUCT_NAME = "$(TARGET_NAME)";
				SWIFT_VERSION = 5.0;
				TARGETED_DEVICE_FAMILY = "1,2";
			};
			name = Debug;
		};
		34DD7DE9229C2584007311FE /* Release */ = {
			isa = XCBuildConfiguration;
			baseConfigurationReference = C0F85AC9B667759BB2301E2F /* Pods-IdentitySdkDemo.release.xcconfig */;
			buildSettings = {
				ASSETCATALOG_COMPILER_APPICON_NAME = AppIcon;
				CODE_SIGN_STYLE = Automatic;
				DEVELOPMENT_TEAM = 6X8RPJDRWS;
				INFOPLIST_FILE = IdentitySdkDemo/Info.plist;
				IPHONEOS_DEPLOYMENT_TARGET = 12.2;
				LD_RUNPATH_SEARCH_PATHS = (
					"$(inherited)",
					"@executable_path/Frameworks",
				);
				PRODUCT_BUNDLE_IDENTIFIER = com.reach5.IdentitySdkDemo;
				PRODUCT_NAME = "$(TARGET_NAME)";
				SWIFT_VERSION = 5.0;
				TARGETED_DEVICE_FAMILY = "1,2";
			};
			name = Release;
		};
/* End XCBuildConfiguration section */

/* Begin XCConfigurationList section */
		34DD7DD0229C2583007311FE /* Build configuration list for PBXProject "IdentitySdkDemo" */ = {
			isa = XCConfigurationList;
			buildConfigurations = (
				34DD7DE5229C2584007311FE /* Debug */,
				34DD7DE6229C2584007311FE /* Release */,
			);
			defaultConfigurationIsVisible = 0;
			defaultConfigurationName = Release;
		};
		34DD7DE7229C2584007311FE /* Build configuration list for PBXNativeTarget "IdentitySdkDemo" */ = {
			isa = XCConfigurationList;
			buildConfigurations = (
				34DD7DE8229C2584007311FE /* Debug */,
				34DD7DE9229C2584007311FE /* Release */,
			);
			defaultConfigurationIsVisible = 0;
			defaultConfigurationName = Release;
		};
/* End XCConfigurationList section */
	};
	rootObject = 34DD7DCD229C2583007311FE /* Project object */;
}
