PODS:
  - IdentitySdkCore (4.0.0)

DEPENDENCIES:
  - IdentitySdkCore (from `../IdentitySdkCore`)

EXTERNAL SOURCES:
  IdentitySdkCore:
    :path: "../IdentitySdkCore"

SPEC CHECKSUMS:
  IdentitySdkCore: e956c0050d7f57a94c0ce28fbb1ba7909da49b21

PODFILE CHECKSUM: 20f0620a5ffe1d5a6729c3fd0b58a4cd9ef56e06

COCOAPODS: 1.7.0
