// !$*UTF8*$!
{
	archiveVersion = 1;
	classes = {
	};
	objectVersion = 50;
	objects = {

/* Begin PBXBuildFile section */
		347FDB21229BE6EF00660687 /* AppDelegate.swift in Sources */ = {isa = PBXBuildFile; fileRef = 347FDB20229BE6EF00660687 /* AppDelegate.swift */; };
		347FDB23229BE6EF00660687 /* ViewController.swift in Sources */ = {isa = PBXBuildFile; fileRef = 347FDB22229BE6EF00660687 /* ViewController.swift */; };
		347FDB26229BE6EF00660687 /* Main.storyboard in Resources */ = {isa = PBXBuildFile; fileRef = 347FDB24229BE6EF00660687 /* Main.storyboard */; };
		347FDB28229BE6F100660687 /* Assets.xcassets in Resources */ = {isa = PBXBuildFile; fileRef = 347FDB27229BE6F100660687 /* Assets.xcassets */; };
		347FDB2B229BE6F100660687 /* LaunchScreen.storyboard in Resources */ = {isa = PBXBuildFile; fileRef = 347FDB29229BE6F100660687 /* LaunchScreen.storyboard */; };
		347FDB5E229BE9D100660687 /* IdentitySdkCore.framework in Frameworks */ = {isa = PBXBuildFile; fileRef = 347FDB52229BE8D100660687 /* IdentitySdkCore.framework */; };
		347FDB5F229BE9D100660687 /* IdentitySdkCore.framework in Embed Frameworks */ = {isa = PBXBuildFile; fileRef = 347FDB52229BE8D100660687 /* IdentitySdkCore.framework */; settings = {ATTRIBUTES = (CodeSignOnCopy, RemoveHeadersOnCopy, ); }; };
/* End PBXBuildFile section */

/* Begin PBXContainerItemProxy section */
		347FDB51229BE8D100660687 /* PBXContainerItemProxy */ = {
			isa = PBXContainerItemProxy;
			containerPortal = 347FDB4D229BE8D100660687 /* IdentitySdkCore.xcodeproj */;
			proxyType = 2;
			remoteGlobalIDString = 347FDB42229BE84500660687;
			remoteInfo = IdentitySdkCore;
		};
		347FDB60229BE9D100660687 /* PBXContainerItemProxy */ = {
			isa = PBXContainerItemProxy;
			containerPortal = 347FDB4D229BE8D100660687 /* IdentitySdkCore.xcodeproj */;
			proxyType = 1;
			remoteGlobalIDString = 347FDB41229BE84500660687;
			remoteInfo = IdentitySdkCore;
		};
/* End PBXContainerItemProxy section */

/* Begin PBXCopyFilesBuildPhase section */
		347FDB62229BE9D100660687 /* Embed Frameworks */ = {
			isa = PBXCopyFilesBuildPhase;
			buildActionMask = 2147483647;
			dstPath = "";
			dstSubfolderSpec = 10;
			files = (
				347FDB5F229BE9D100660687 /* IdentitySdkCore.framework in Embed Frameworks */,
			);
			name = "Embed Frameworks";
			runOnlyForDeploymentPostprocessing = 0;
		};
/* End PBXCopyFilesBuildPhase section */

/* Begin PBXFileReference section */
		347FDB1D229BE6EF00660687 /* IdentitySDKSandbox.app */ = {isa = PBXFileReference; explicitFileType = wrapper.application; includeInIndex = 0; path = IdentitySDKSandbox.app; sourceTree = BUILT_PRODUCTS_DIR; };
		347FDB20229BE6EF00660687 /* AppDelegate.swift */ = {isa = PBXFileReference; lastKnownFileType = sourcecode.swift; path = AppDelegate.swift; sourceTree = "<group>"; };
		347FDB22229BE6EF00660687 /* ViewController.swift */ = {isa = PBXFileReference; lastKnownFileType = sourcecode.swift; path = ViewController.swift; sourceTree = "<group>"; };
		347FDB25229BE6EF00660687 /* Base */ = {isa = PBXFileReference; lastKnownFileType = file.storyboard; name = Base; path = Base.lproj/Main.storyboard; sourceTree = "<group>"; };
		347FDB27229BE6F100660687 /* Assets.xcassets */ = {isa = PBXFileReference; lastKnownFileType = folder.assetcatalog; path = Assets.xcassets; sourceTree = "<group>"; };
		347FDB2A229BE6F100660687 /* Base */ = {isa = PBXFileReference; lastKnownFileType = file.storyboard; name = Base; path = Base.lproj/LaunchScreen.storyboard; sourceTree = "<group>"; };
		347FDB2C229BE6F100660687 /* Info.plist */ = {isa = PBXFileReference; lastKnownFileType = text.plist.xml; path = Info.plist; sourceTree = "<group>"; };
		347FDB4D229BE8D100660687 /* IdentitySdkCore.xcodeproj */ = {isa = PBXFileReference; lastKnownFileType = "wrapper.pb-project"; name = IdentitySdkCore.xcodeproj; path = ../IdentitySdkCore/IdentitySdkCore.xcodeproj; sourceTree = "<group>"; };
/* End PBXFileReference section */

/* Begin PBXFrameworksBuildPhase section */
		347FDB1A229BE6EF00660687 /* Frameworks */ = {
			isa = PBXFrameworksBuildPhase;
			buildActionMask = 2147483647;
			files = (
				347FDB5E229BE9D100660687 /* IdentitySdkCore.framework in Frameworks */,
			);
			runOnlyForDeploymentPostprocessing = 0;
		};
/* End PBXFrameworksBuildPhase section */

/* Begin PBXGroup section */
		347FDB14229BE6EF00660687 = {
			isa = PBXGroup;
			children = (
				347FDB4D229BE8D100660687 /* IdentitySdkCore.xcodeproj */,
				347FDB1F229BE6EF00660687 /* IdentitySDKSandbox */,
				347FDB1E229BE6EF00660687 /* Products */,
				347FDB57229BE94E00660687 /* Frameworks */,
			);
			sourceTree = "<group>";
		};
		347FDB1E229BE6EF00660687 /* Products */ = {
			isa = PBXGroup;
			children = (
				347FDB1D229BE6EF00660687 /* IdentitySDKSandbox.app */,
			);
			name = Products;
			sourceTree = "<group>";
		};
		347FDB1F229BE6EF00660687 /* IdentitySDKSandbox */ = {
			isa = PBXGroup;
			children = (
				347FDB20229BE6EF00660687 /* AppDelegate.swift */,
				347FDB22229BE6EF00660687 /* ViewController.swift */,
				347FDB24229BE6EF00660687 /* Main.storyboard */,
				347FDB27229BE6F100660687 /* Assets.xcassets */,
				347FDB29229BE6F100660687 /* LaunchScreen.storyboard */,
				347FDB2C229BE6F100660687 /* Info.plist */,
			);
			path = IdentitySDKSandbox;
			sourceTree = "<group>";
		};
		347FDB4E229BE8D100660687 /* Products */ = {
			isa = PBXGroup;
			children = (
				347FDB52229BE8D100660687 /* IdentitySdkCore.framework */,
			);
			name = Products;
			sourceTree = "<group>";
		};
		347FDB57229BE94E00660687 /* Frameworks */ = {
			isa = PBXGroup;
			children = (
			);
			name = Frameworks;
			sourceTree = "<group>";
		};
/* End PBXGroup section */

/* Begin PBXNativeTarget section */
		347FDB1C229BE6EF00660687 /* IdentitySDKSandbox */ = {
			isa = PBXNativeTarget;
			buildConfigurationList = 347FDB2F229BE6F100660687 /* Build configuration list for PBXNativeTarget "IdentitySDKSandbox" */;
			buildPhases = (
				347FDB19229BE6EF00660687 /* Sources */,
				347FDB1A229BE6EF00660687 /* Frameworks */,
				347FDB1B229BE6EF00660687 /* Resources */,
				347FDB62229BE9D100660687 /* Embed Frameworks */,
			);
			buildRules = (
			);
			dependencies = (
				347FDB61229BE9D100660687 /* PBXTargetDependency */,
			);
			name = IdentitySDKSandbox;
			productName = IdentitySDKSandbox;
			productReference = 347FDB1D229BE6EF00660687 /* IdentitySDKSandbox.app */;
			productType = "com.apple.product-type.application";
		};
/* End PBXNativeTarget section */

/* Begin PBXProject section */
		347FDB15229BE6EF00660687 /* Project object */ = {
			isa = PBXProject;
			attributes = {
				LastSwiftUpdateCheck = 1020;
				LastUpgradeCheck = 1020;
				ORGANIZATIONNAME = Reachfive;
				TargetAttributes = {
					347FDB1C229BE6EF00660687 = {
						CreatedOnToolsVersion = 10.2.1;
					};
				};
			};
			buildConfigurationList = 347FDB18229BE6EF00660687 /* Build configuration list for PBXProject "IdentitySDKSandbox" */;
			compatibilityVersion = "Xcode 9.3";
			developmentRegion = en;
			hasScannedForEncodings = 0;
			knownRegions = (
				en,
				Base,
			);
			mainGroup = 347FDB14229BE6EF00660687;
			productRefGroup = 347FDB1E229BE6EF00660687 /* Products */;
			projectDirPath = "";
			projectReferences = (
				{
					ProductGroup = 347FDB4E229BE8D100660687 /* Products */;
					ProjectRef = 347FDB4D229BE8D100660687 /* IdentitySdkCore.xcodeproj */;
				},
			);
			projectRoot = "";
			targets = (
				347FDB1C229BE6EF00660687 /* IdentitySDKSandbox */,
			);
		};
/* End PBXProject section */

/* Begin PBXReferenceProxy section */
		347FDB52229BE8D100660687 /* IdentitySdkCore.framework */ = {
			isa = PBXReferenceProxy;
			fileType = wrapper.framework;
			path = IdentitySdkCore.framework;
			remoteRef = 347FDB51229BE8D100660687 /* PBXContainerItemProxy */;
			sourceTree = BUILT_PRODUCTS_DIR;
		};
/* End PBXReferenceProxy section */

/* Begin PBXResourcesBuildPhase section */
		347FDB1B229BE6EF00660687 /* Resources */ = {
			isa = PBXResourcesBuildPhase;
			buildActionMask = 2147483647;
			files = (
				347FDB2B229BE6F100660687 /* LaunchScreen.storyboard in Resources */,
				347FDB28229BE6F100660687 /* Assets.xcassets in Resources */,
				347FDB26229BE6EF00660687 /* Main.storyboard in Resources */,
			);
			runOnlyForDeploymentPostprocessing = 0;
		};
/* End PBXResourcesBuildPhase section */

/* Begin PBXSourcesBuildPhase section */
		347FDB19229BE6EF00660687 /* Sources */ = {
			isa = PBXSourcesBuildPhase;
			buildActionMask = 2147483647;
			files = (
				347FDB23229BE6EF00660687 /* ViewController.swift in Sources */,
				347FDB21229BE6EF00660687 /* AppDelegate.swift in Sources */,
			);
			runOnlyForDeploymentPostprocessing = 0;
		};
/* End PBXSourcesBuildPhase section */

/* Begin PBXTargetDependency section */
		347FDB61229BE9D100660687 /* PBXTargetDependency */ = {
			isa = PBXTargetDependency;
			name = IdentitySdkCore;
			targetProxy = 347FDB60229BE9D100660687 /* PBXContainerItemProxy */;
		};
/* End PBXTargetDependency section */

/* Begin PBXVariantGroup section */
		347FDB24229BE6EF00660687 /* Main.storyboard */ = {
			isa = PBXVariantGroup;
			children = (
				347FDB25229BE6EF00660687 /* Base */,
			);
			name = Main.storyboard;
			sourceTree = "<group>";
		};
		347FDB29229BE6F100660687 /* LaunchScreen.storyboard */ = {
			isa = PBXVariantGroup;
			children = (
				347FDB2A229BE6F100660687 /* Base */,
			);
			name = LaunchScreen.storyboard;
			sourceTree = "<group>";
		};
/* End PBXVariantGroup section */

/* Begin XCBuildConfiguration section */
		347FDB2D229BE6F100660687 /* Debug */ = {
			isa = XCBuildConfiguration;
			buildSettings = {
				ALWAYS_SEARCH_USER_PATHS = NO;
				CLANG_ANALYZER_NONNULL = YES;
				CLANG_ANALYZER_NUMBER_OBJECT_CONVERSION = YES_AGGRESSIVE;
				CLANG_CXX_LANGUAGE_STANDARD = "gnu++14";
				CLANG_CXX_LIBRARY = "libc++";
				CLANG_ENABLE_MODULES = YES;
				CLANG_ENABLE_OBJC_ARC = YES;
				CLANG_ENABLE_OBJC_WEAK = YES;
				CLANG_WARN_BLOCK_CAPTURE_AUTORELEASING = YES;
				CLANG_WARN_BOOL_CONVERSION = YES;
				CLANG_WARN_COMMA = YES;
				CLANG_WARN_CONSTANT_CONVERSION = YES;
				CLANG_WARN_DEPRECATED_OBJC_IMPLEMENTATIONS = YES;
				CLANG_WARN_DIRECT_OBJC_ISA_USAGE = YES_ERROR;
				CLANG_WARN_DOCUMENTATION_COMMENTS = YES;
				CLANG_WARN_EMPTY_BODY = YES;
				CLANG_WARN_ENUM_CONVERSION = YES;
				CLANG_WARN_INFINITE_RECURSION = YES;
				CLANG_WARN_INT_CONVERSION = YES;
				CLANG_WARN_NON_LITERAL_NULL_CONVERSION = YES;
				CLANG_WARN_OBJC_IMPLICIT_RETAIN_SELF = YES;
				CLANG_WARN_OBJC_LITERAL_CONVERSION = YES;
				CLANG_WARN_OBJC_ROOT_CLASS = YES_ERROR;
				CLANG_WARN_RANGE_LOOP_ANALYSIS = YES;
				CLANG_WARN_STRICT_PROTOTYPES = YES;
				CLANG_WARN_SUSPICIOUS_MOVE = YES;
				CLANG_WARN_UNGUARDED_AVAILABILITY = YES_AGGRESSIVE;
				CLANG_WARN_UNREACHABLE_CODE = YES;
				CLANG_WARN__DUPLICATE_METHOD_MATCH = YES;
				CODE_SIGN_IDENTITY = "iPhone Developer";
				COPY_PHASE_STRIP = NO;
				DEBUG_INFORMATION_FORMAT = dwarf;
				ENABLE_STRICT_OBJC_MSGSEND = YES;
				ENABLE_TESTABILITY = YES;
				GCC_C_LANGUAGE_STANDARD = gnu11;
				GCC_DYNAMIC_NO_PIC = NO;
				GCC_NO_COMMON_BLOCKS = YES;
				GCC_OPTIMIZATION_LEVEL = 0;
				GCC_PREPROCESSOR_DEFINITIONS = (
					"DEBUG=1",
					"$(inherited)",
				);
				GCC_WARN_64_TO_32_BIT_CONVERSION = YES;
				GCC_WARN_ABOUT_RETURN_TYPE = YES_ERROR;
				GCC_WARN_UNDECLARED_SELECTOR = YES;
				GCC_WARN_UNINITIALIZED_AUTOS = YES_AGGRESSIVE;
				GCC_WARN_UNUSED_FUNCTION = YES;
				GCC_WARN_UNUSED_VARIABLE = YES;
				IPHONEOS_DEPLOYMENT_TARGET = 12.2;
				MTL_ENABLE_DEBUG_INFO = INCLUDE_SOURCE;
				MTL_FAST_MATH = YES;
				ONLY_ACTIVE_ARCH = YES;
				SDKROOT = iphoneos;
				SWIFT_ACTIVE_COMPILATION_CONDITIONS = DEBUG;
				SWIFT_OPTIMIZATION_LEVEL = "-Onone";
			};
			name = Debug;
		};
		347FDB2E229BE6F100660687 /* Release */ = {
			isa = XCBuildConfiguration;
			buildSettings = {
				ALWAYS_SEARCH_USER_PATHS = NO;
				CLANG_ANALYZER_NONNULL = YES;
				CLANG_ANALYZER_NUMBER_OBJECT_CONVERSION = YES_AGGRESSIVE;
				CLANG_CXX_LANGUAGE_STANDARD = "gnu++14";
				CLANG_CXX_LIBRARY = "libc++";
				CLANG_ENABLE_MODULES = YES;
				CLANG_ENABLE_OBJC_ARC = YES;
				CLANG_ENABLE_OBJC_WEAK = YES;
				CLANG_WARN_BLOCK_CAPTURE_AUTORELEASING = YES;
				CLANG_WARN_BOOL_CONVERSION = YES;
				CLANG_WARN_COMMA = YES;
				CLANG_WARN_CONSTANT_CONVERSION = YES;
				CLANG_WARN_DEPRECATED_OBJC_IMPLEMENTATIONS = YES;
				CLANG_WARN_DIRECT_OBJC_ISA_USAGE = YES_ERROR;
				CLANG_WARN_DOCUMENTATION_COMMENTS = YES;
				CLANG_WARN_EMPTY_BODY = YES;
				CLANG_WARN_ENUM_CONVERSION = YES;
				CLANG_WARN_INFINITE_RECURSION = YES;
				CLANG_WARN_INT_CONVERSION = YES;
				CLANG_WARN_NON_LITERAL_NULL_CONVERSION = YES;
				CLANG_WARN_OBJC_IMPLICIT_RETAIN_SELF = YES;
				CLANG_WARN_OBJC_LITERAL_CONVERSION = YES;
				CLANG_WARN_OBJC_ROOT_CLASS = YES_ERROR;
				CLANG_WARN_RANGE_LOOP_ANALYSIS = YES;
				CLANG_WARN_STRICT_PROTOTYPES = YES;
				CLANG_WARN_SUSPICIOUS_MOVE = YES;
				CLANG_WARN_UNGUARDED_AVAILABILITY = YES_AGGRESSIVE;
				CLANG_WARN_UNREACHABLE_CODE = YES;
				CLANG_WARN__DUPLICATE_METHOD_MATCH = YES;
				CODE_SIGN_IDENTITY = "iPhone Developer";
				COPY_PHASE_STRIP = NO;
				DEBUG_INFORMATION_FORMAT = "dwarf-with-dsym";
				ENABLE_NS_ASSERTIONS = NO;
				ENABLE_STRICT_OBJC_MSGSEND = YES;
				GCC_C_LANGUAGE_STANDARD = gnu11;
				GCC_NO_COMMON_BLOCKS = YES;
				GCC_WARN_64_TO_32_BIT_CONVERSION = YES;
				GCC_WARN_ABOUT_RETURN_TYPE = YES_ERROR;
				GCC_WARN_UNDECLARED_SELECTOR = YES;
				GCC_WARN_UNINITIALIZED_AUTOS = YES_AGGRESSIVE;
				GCC_WARN_UNUSED_FUNCTION = YES;
				GCC_WARN_UNUSED_VARIABLE = YES;
				IPHONEOS_DEPLOYMENT_TARGET = 12.2;
				MTL_ENABLE_DEBUG_INFO = NO;
				MTL_FAST_MATH = YES;
				SDKROOT = iphoneos;
				SWIFT_COMPILATION_MODE = wholemodule;
				SWIFT_OPTIMIZATION_LEVEL = "-O";
				VALIDATE_PRODUCT = YES;
			};
			name = Release;
		};
		347FDB30229BE6F100660687 /* Debug */ = {
			isa = XCBuildConfiguration;
			buildSettings = {
				ALWAYS_EMBED_SWIFT_STANDARD_LIBRARIES = YES;
				ASSETCATALOG_COMPILER_APPICON_NAME = AppIcon;
				CODE_SIGN_STYLE = Automatic;
				INFOPLIST_FILE = IdentitySDKSandbox/Info.plist;
				LD_RUNPATH_SEARCH_PATHS = (
					"$(inherited)",
					"@executable_path/Frameworks",
				);
				PRODUCT_BUNDLE_IDENTIFIER = com.reach5.IdentitySDKSandbox;
				PRODUCT_NAME = "$(TARGET_NAME)";
				SWIFT_VERSION = 5.0;
				TARGETED_DEVICE_FAMILY = "1,2";
			};
			name = Debug;
		};
		347FDB31229BE6F100660687 /* Release */ = {
			isa = XCBuildConfiguration;
			buildSettings = {
				ALWAYS_EMBED_SWIFT_STANDARD_LIBRARIES = YES;
				ASSETCATALOG_COMPILER_APPICON_NAME = AppIcon;
				CODE_SIGN_STYLE = Automatic;
				INFOPLIST_FILE = IdentitySDKSandbox/Info.plist;
				LD_RUNPATH_SEARCH_PATHS = (
					"$(inherited)",
					"@executable_path/Frameworks",
				);
				PRODUCT_BUNDLE_IDENTIFIER = com.reach5.IdentitySDKSandbox;
				PRODUCT_NAME = "$(TARGET_NAME)";
				SWIFT_VERSION = 5.0;
				TARGETED_DEVICE_FAMILY = "1,2";
			};
			name = Release;
		};
/* End XCBuildConfiguration section */

/* Begin XCConfigurationList section */
		347FDB18229BE6EF00660687 /* Build configuration list for PBXProject "IdentitySDKSandbox" */ = {
			isa = XCConfigurationList;
			buildConfigurations = (
				347FDB2D229BE6F100660687 /* Debug */,
				347FDB2E229BE6F100660687 /* Release */,
			);
			defaultConfigurationIsVisible = 0;
			defaultConfigurationName = Release;
		};
		347FDB2F229BE6F100660687 /* Build configuration list for PBXNativeTarget "IdentitySDKSandbox" */ = {
			isa = XCConfigurationList;
			buildConfigurations = (
				347FDB30229BE6F100660687 /* Debug */,
				347FDB31229BE6F100660687 /* Release */,
			);
			defaultConfigurationIsVisible = 0;
			defaultConfigurationName = Release;
		};
/* End XCConfigurationList section */
	};
	rootObject = 347FDB15229BE6EF00660687 /* Project object */;
}
